// !$*UTF8*$!
{
	archiveVersion = 1;
	classes = {
	};
	objectVersion = 56;
	objects = {

/* Begin PBXBuildFile section */
		21BE2FB82C6CE383003F79D8 /* ReaddleSortingsApp.swift in Sources */ = {isa = PBXBuildFile; fileRef = 21BE2FB72C6CE383003F79D8 /* ReaddleSortingsApp.swift */; };
		21BE2FBC2C6CE383003F79D8 /* Assets.xcassets in Resources */ = {isa = PBXBuildFile; fileRef = 21BE2FBB2C6CE383003F79D8 /* Assets.xcassets */; };
		21BE2FBF2C6CE383003F79D8 /* Preview Assets.xcassets in Resources */ = {isa = PBXBuildFile; fileRef = 21BE2FBE2C6CE383003F79D8 /* Preview Assets.xcassets */; };
		21BE2FC72C6CE405003F79D8 /* BubbleSort.swift in Sources */ = {isa = PBXBuildFile; fileRef = 21BE2FC62C6CE405003F79D8 /* BubbleSort.swift */; };
		21BE2FC92C6CE5D0003F79D8 /* InsertionSort.swift in Sources */ = {isa = PBXBuildFile; fileRef = 21BE2FC82C6CE5D0003F79D8 /* InsertionSort.swift */; };
		21BE2FCC2C6CE6B1003F79D8 /* AlgorithmsScreen.swift in Sources */ = {isa = PBXBuildFile; fileRef = 21BE2FCB2C6CE6B1003F79D8 /* AlgorithmsScreen.swift */; };
		21BE2FCE2C6CE6B8003F79D8 /* AlgorithmsViewModel.swift in Sources */ = {isa = PBXBuildFile; fileRef = 21BE2FCD2C6CE6B8003F79D8 /* AlgorithmsViewModel.swift */; };
		21BE2FD12C6CE7F6003F79D8 /* AlgorithmOutput.swift in Sources */ = {isa = PBXBuildFile; fileRef = 21BE2FD02C6CE7F6003F79D8 /* AlgorithmOutput.swift */; };
		21BE2FD32C6CED3C003F79D8 /* AlgorithmPlayer.swift in Sources */ = {isa = PBXBuildFile; fileRef = 21BE2FD22C6CED3C003F79D8 /* AlgorithmPlayer.swift */; };
		21BE2FD62C6CF7F7003F79D8 /* CancelBag.swift in Sources */ = {isa = PBXBuildFile; fileRef = 21BE2FD52C6CF7F7003F79D8 /* CancelBag.swift */; };
/* End PBXBuildFile section */

/* Begin PBXFileReference section */
		21BE2FB42C6CE383003F79D8 /* ReaddleSortings.app */ = {isa = PBXFileReference; explicitFileType = wrapper.application; includeInIndex = 0; path = ReaddleSortings.app; sourceTree = BUILT_PRODUCTS_DIR; };
		21BE2FB72C6CE383003F79D8 /* ReaddleSortingsApp.swift */ = {isa = PBXFileReference; lastKnownFileType = sourcecode.swift; path = ReaddleSortingsApp.swift; sourceTree = "<group>"; };
		21BE2FBB2C6CE383003F79D8 /* Assets.xcassets */ = {isa = PBXFileReference; lastKnownFileType = folder.assetcatalog; path = Assets.xcassets; sourceTree = "<group>"; };
		21BE2FBE2C6CE383003F79D8 /* Preview Assets.xcassets */ = {isa = PBXFileReference; lastKnownFileType = folder.assetcatalog; path = "Preview Assets.xcassets"; sourceTree = "<group>"; };
		21BE2FC62C6CE405003F79D8 /* BubbleSort.swift */ = {isa = PBXFileReference; lastKnownFileType = sourcecode.swift; path = BubbleSort.swift; sourceTree = "<group>"; };
		21BE2FC82C6CE5D0003F79D8 /* InsertionSort.swift */ = {isa = PBXFileReference; lastKnownFileType = sourcecode.swift; path = InsertionSort.swift; sourceTree = "<group>"; };
		21BE2FCB2C6CE6B1003F79D8 /* AlgorithmsScreen.swift */ = {isa = PBXFileReference; lastKnownFileType = sourcecode.swift; path = AlgorithmsScreen.swift; sourceTree = "<group>"; };
		21BE2FCD2C6CE6B8003F79D8 /* AlgorithmsViewModel.swift */ = {isa = PBXFileReference; lastKnownFileType = sourcecode.swift; path = AlgorithmsViewModel.swift; sourceTree = "<group>"; };
		21BE2FD02C6CE7F6003F79D8 /* AlgorithmOutput.swift */ = {isa = PBXFileReference; lastKnownFileType = sourcecode.swift; path = AlgorithmOutput.swift; sourceTree = "<group>"; };
		21BE2FD22C6CED3C003F79D8 /* AlgorithmPlayer.swift */ = {isa = PBXFileReference; lastKnownFileType = sourcecode.swift; path = AlgorithmPlayer.swift; sourceTree = "<group>"; };
		21BE2FD52C6CF7F7003F79D8 /* CancelBag.swift */ = {isa = PBXFileReference; lastKnownFileType = sourcecode.swift; path = CancelBag.swift; sourceTree = "<group>"; };
/* End PBXFileReference section */

/* Begin PBXFrameworksBuildPhase section */
		21BE2FB12C6CE383003F79D8 /* Frameworks */ = {
			isa = PBXFrameworksBuildPhase;
			buildActionMask = 2147483647;
			files = (
			);
			runOnlyForDeploymentPostprocessing = 0;
		};
/* End PBXFrameworksBuildPhase section */

/* Begin PBXGroup section */
		21BE2FAB2C6CE383003F79D8 = {
			isa = PBXGroup;
			children = (
				21BE2FB62C6CE383003F79D8 /* ReaddleSortings */,
				21BE2FB52C6CE383003F79D8 /* Products */,
			);
			sourceTree = "<group>";
		};
		21BE2FB52C6CE383003F79D8 /* Products */ = {
			isa = PBXGroup;
			children = (
				21BE2FB42C6CE383003F79D8 /* ReaddleSortings.app */,
			);
			name = Products;
			sourceTree = "<group>";
		};
		21BE2FB62C6CE383003F79D8 /* ReaddleSortings */ = {
			isa = PBXGroup;
			children = (
				21BE2FD42C6CF7F0003F79D8 /* Helpers */,
				21BE2FCF2C6CE7ED003F79D8 /* Models */,
				21BE2FCA2C6CE6A7003F79D8 /* Features */,
				21BE2FC52C6CE3E6003F79D8 /* Algorithms */,
				21BE2FB72C6CE383003F79D8 /* ReaddleSortingsApp.swift */,
				21BE2FBB2C6CE383003F79D8 /* Assets.xcassets */,
				21BE2FBD2C6CE383003F79D8 /* Preview Content */,
			);
			path = ReaddleSortings;
			sourceTree = "<group>";
		};
		21BE2FBD2C6CE383003F79D8 /* Preview Content */ = {
			isa = PBXGroup;
			children = (
				21BE2FBE2C6CE383003F79D8 /* Preview Assets.xcassets */,
			);
			path = "Preview Content";
			sourceTree = "<group>";
		};
		21BE2FC52C6CE3E6003F79D8 /* Algorithms */ = {
			isa = PBXGroup;
			children = (
				21BE2FC62C6CE405003F79D8 /* BubbleSort.swift */,
				21BE2FC82C6CE5D0003F79D8 /* InsertionSort.swift */,
			);
			path = Algorithms;
			sourceTree = "<group>";
		};
		21BE2FCA2C6CE6A7003F79D8 /* Features */ = {
			isa = PBXGroup;
			children = (
				21BE2FCB2C6CE6B1003F79D8 /* AlgorithmsScreen.swift */,
				21BE2FCD2C6CE6B8003F79D8 /* AlgorithmsViewModel.swift */,
			);
			path = Features;
			sourceTree = "<group>";
		};
		21BE2FCF2C6CE7ED003F79D8 /* Models */ = {
			isa = PBXGroup;
			children = (
				21BE2FD02C6CE7F6003F79D8 /* AlgorithmOutput.swift */,
				21BE2FD22C6CED3C003F79D8 /* AlgorithmPlayer.swift */,
			);
			path = Models;
			sourceTree = "<group>";
		};
		21BE2FD42C6CF7F0003F79D8 /* Helpers */ = {
			isa = PBXGroup;
			children = (
				21BE2FD52C6CF7F7003F79D8 /* CancelBag.swift */,
			);
			path = Helpers;
			sourceTree = "<group>";
		};
/* End PBXGroup section */

/* Begin PBXNativeTarget section */
		21BE2FB32C6CE383003F79D8 /* ReaddleSortings */ = {
			isa = PBXNativeTarget;
			buildConfigurationList = 21BE2FC22C6CE383003F79D8 /* Build configuration list for PBXNativeTarget "ReaddleSortings" */;
			buildPhases = (
				21BE2FB02C6CE383003F79D8 /* Sources */,
				21BE2FB12C6CE383003F79D8 /* Frameworks */,
				21BE2FB22C6CE383003F79D8 /* Resources */,
			);
			buildRules = (
			);
			dependencies = (
			);
			name = ReaddleSortings;
			productName = ReaddleSortings;
			productReference = 21BE2FB42C6CE383003F79D8 /* ReaddleSortings.app */;
			productType = "com.apple.product-type.application";
		};
/* End PBXNativeTarget section */

/* Begin PBXProject section */
		21BE2FAC2C6CE383003F79D8 /* Project object */ = {
			isa = PBXProject;
			attributes = {
				BuildIndependentTargetsInParallel = 1;
				LastSwiftUpdateCheck = 1500;
				LastUpgradeCheck = 1500;
				TargetAttributes = {
					21BE2FB32C6CE383003F79D8 = {
						CreatedOnToolsVersion = 15.0;
					};
				};
			};
			buildConfigurationList = 21BE2FAF2C6CE383003F79D8 /* Build configuration list for PBXProject "ReaddleSortings" */;
			compatibilityVersion = "Xcode 14.0";
			developmentRegion = en;
			hasScannedForEncodings = 0;
			knownRegions = (
				en,
				Base,
			);
			mainGroup = 21BE2FAB2C6CE383003F79D8;
			productRefGroup = 21BE2FB52C6CE383003F79D8 /* Products */;
			projectDirPath = "";
			projectRoot = "";
			targets = (
				21BE2FB32C6CE383003F79D8 /* ReaddleSortings */,
			);
		};
/* End PBXProject section */

/* Begin PBXResourcesBuildPhase section */
		21BE2FB22C6CE383003F79D8 /* Resources */ = {
			isa = PBXResourcesBuildPhase;
			buildActionMask = 2147483647;
			files = (
				21BE2FBF2C6CE383003F79D8 /* Preview Assets.xcassets in Resources */,
				21BE2FBC2C6CE383003F79D8 /* Assets.xcassets in Resources */,
			);
			runOnlyForDeploymentPostprocessing = 0;
		};
/* End PBXResourcesBuildPhase section */

/* Begin PBXSourcesBuildPhase section */
		21BE2FB02C6CE383003F79D8 /* Sources */ = {
			isa = PBXSourcesBuildPhase;
			buildActionMask = 2147483647;
			files = (
				21BE2FC92C6CE5D0003F79D8 /* InsertionSort.swift in Sources */,
				21BE2FB82C6CE383003F79D8 /* ReaddleSortingsApp.swift in Sources */,
				21BE2FD62C6CF7F7003F79D8 /* CancelBag.swift in Sources */,
				21BE2FD32C6CED3C003F79D8 /* AlgorithmPlayer.swift in Sources */,
				21BE2FCC2C6CE6B1003F79D8 /* AlgorithmsScreen.swift in Sources */,
				21BE2FCE2C6CE6B8003F79D8 /* AlgorithmsViewModel.swift in Sources */,
				21BE2FD12C6CE7F6003F79D8 /* AlgorithmOutput.swift in Sources */,
				21BE2FC72C6CE405003F79D8 /* BubbleSort.swift in Sources */,
			);
			runOnlyForDeploymentPostprocessing = 0;
		};
/* End PBXSourcesBuildPhase section */

/* Begin XCBuildConfiguration section */
		21BE2FC02C6CE383003F79D8 /* Debug */ = {
			isa = XCBuildConfiguration;
			buildSettings = {
				ALWAYS_SEARCH_USER_PATHS = NO;
				ASSETCATALOG_COMPILER_GENERATE_SWIFT_ASSET_SYMBOL_EXTENSIONS = YES;
				CLANG_ANALYZER_NONNULL = YES;
				CLANG_ANALYZER_NUMBER_OBJECT_CONVERSION = YES_AGGRESSIVE;
				CLANG_CXX_LANGUAGE_STANDARD = "gnu++20";
				CLANG_ENABLE_MODULES = YES;
				CLANG_ENABLE_OBJC_ARC = YES;
				CLANG_ENABLE_OBJC_WEAK = YES;
				CLANG_WARN_BLOCK_CAPTURE_AUTORELEASING = YES;
				CLANG_WARN_BOOL_CONVERSION = YES;
				CLANG_WARN_COMMA = YES;
				CLANG_WARN_CONSTANT_CONVERSION = YES;
				CLANG_WARN_DEPRECATED_OBJC_IMPLEMENTATIONS = YES;
				CLANG_WARN_DIRECT_OBJC_ISA_USAGE = YES_ERROR;
				CLANG_WARN_DOCUMENTATION_COMMENTS = YES;
				CLANG_WARN_EMPTY_BODY = YES;
				CLANG_WARN_ENUM_CONVERSION = YES;
				CLANG_WARN_INFINITE_RECURSION = YES;
				CLANG_WARN_INT_CONVERSION = YES;
				CLANG_WARN_NON_LITERAL_NULL_CONVERSION = YES;
				CLANG_WARN_OBJC_IMPLICIT_RETAIN_SELF = YES;
				CLANG_WARN_OBJC_LITERAL_CONVERSION = YES;
				CLANG_WARN_OBJC_ROOT_CLASS = YES_ERROR;
				CLANG_WARN_QUOTED_INCLUDE_IN_FRAMEWORK_HEADER = YES;
				CLANG_WARN_RANGE_LOOP_ANALYSIS = YES;
				CLANG_WARN_STRICT_PROTOTYPES = YES;
				CLANG_WARN_SUSPICIOUS_MOVE = YES;
				CLANG_WARN_UNGUARDED_AVAILABILITY = YES_AGGRESSIVE;
				CLANG_WARN_UNREACHABLE_CODE = YES;
				CLANG_WARN__DUPLICATE_METHOD_MATCH = YES;
				COPY_PHASE_STRIP = NO;
				DEBUG_INFORMATION_FORMAT = dwarf;
				ENABLE_STRICT_OBJC_MSGSEND = YES;
				ENABLE_TESTABILITY = YES;
				ENABLE_USER_SCRIPT_SANDBOXING = YES;
				GCC_C_LANGUAGE_STANDARD = gnu17;
				GCC_DYNAMIC_NO_PIC = NO;
				GCC_NO_COMMON_BLOCKS = YES;
				GCC_OPTIMIZATION_LEVEL = 0;
				GCC_PREPROCESSOR_DEFINITIONS = (
					"DEBUG=1",
					"$(inherited)",
				);
				GCC_WARN_64_TO_32_BIT_CONVERSION = YES;
				GCC_WARN_ABOUT_RETURN_TYPE = YES_ERROR;
				GCC_WARN_UNDECLARED_SELECTOR = YES;
				GCC_WARN_UNINITIALIZED_AUTOS = YES_AGGRESSIVE;
				GCC_WARN_UNUSED_FUNCTION = YES;
				GCC_WARN_UNUSED_VARIABLE = YES;
				IPHONEOS_DEPLOYMENT_TARGET = 17.0;
				LOCALIZATION_PREFERS_STRING_CATALOGS = YES;
				MTL_ENABLE_DEBUG_INFO = INCLUDE_SOURCE;
				MTL_FAST_MATH = YES;
				ONLY_ACTIVE_ARCH = YES;
				SDKROOT = iphoneos;
				SWIFT_ACTIVE_COMPILATION_CONDITIONS = "DEBUG $(inherited)";
				SWIFT_OPTIMIZATION_LEVEL = "-Onone";
			};
			name = Debug;
		};
		21BE2FC12C6CE383003F79D8 /* Release */ = {
			isa = XCBuildConfiguration;
			buildSettings = {
				ALWAYS_SEARCH_USER_PATHS = NO;
				ASSETCATALOG_COMPILER_GENERATE_SWIFT_ASSET_SYMBOL_EXTENSIONS = YES;
				CLANG_ANALYZER_NONNULL = YES;
				CLANG_ANALYZER_NUMBER_OBJECT_CONVERSION = YES_AGGRESSIVE;
				CLANG_CXX_LANGUAGE_STANDARD = "gnu++20";
				CLANG_ENABLE_MODULES = YES;
				CLANG_ENABLE_OBJC_ARC = YES;
				CLANG_ENABLE_OBJC_WEAK = YES;
				CLANG_WARN_BLOCK_CAPTURE_AUTORELEASING = YES;
				CLANG_WARN_BOOL_CONVERSION = YES;
				CLANG_WARN_COMMA = YES;
				CLANG_WARN_CONSTANT_CONVERSION = YES;
				CLANG_WARN_DEPRECATED_OBJC_IMPLEMENTATIONS = YES;
				CLANG_WARN_DIRECT_OBJC_ISA_USAGE = YES_ERROR;
				CLANG_WARN_DOCUMENTATION_COMMENTS = YES;
				CLANG_WARN_EMPTY_BODY = YES;
				CLANG_WARN_ENUM_CONVERSION = YES;
				CLANG_WARN_INFINITE_RECURSION = YES;
				CLANG_WARN_INT_CONVERSION = YES;
				CLANG_WARN_NON_LITERAL_NULL_CONVERSION = YES;
				CLANG_WARN_OBJC_IMPLICIT_RETAIN_SELF = YES;
				CLANG_WARN_OBJC_LITERAL_CONVERSION = YES;
				CLANG_WARN_OBJC_ROOT_CLASS = YES_ERROR;
				CLANG_WARN_QUOTED_INCLUDE_IN_FRAMEWORK_HEADER = YES;
				CLANG_WARN_RANGE_LOOP_ANALYSIS = YES;
				CLANG_WARN_STRICT_PROTOTYPES = YES;
				CLANG_WARN_SUSPICIOUS_MOVE = YES;
				CLANG_WARN_UNGUARDED_AVAILABILITY = YES_AGGRESSIVE;
				CLANG_WARN_UNREACHABLE_CODE = YES;
				CLANG_WARN__DUPLICATE_METHOD_MATCH = YES;
				COPY_PHASE_STRIP = NO;
				DEBUG_INFORMATION_FORMAT = "dwarf-with-dsym";
				ENABLE_NS_ASSERTIONS = NO;
				ENABLE_STRICT_OBJC_MSGSEND = YES;
				ENABLE_USER_SCRIPT_SANDBOXING = YES;
				GCC_C_LANGUAGE_STANDARD = gnu17;
				GCC_NO_COMMON_BLOCKS = YES;
				GCC_WARN_64_TO_32_BIT_CONVERSION = YES;
				GCC_WARN_ABOUT_RETURN_TYPE = YES_ERROR;
				GCC_WARN_UNDECLARED_SELECTOR = YES;
				GCC_WARN_UNINITIALIZED_AUTOS = YES_AGGRESSIVE;
				GCC_WARN_UNUSED_FUNCTION = YES;
				GCC_WARN_UNUSED_VARIABLE = YES;
				IPHONEOS_DEPLOYMENT_TARGET = 17.0;
				LOCALIZATION_PREFERS_STRING_CATALOGS = YES;
				MTL_ENABLE_DEBUG_INFO = NO;
				MTL_FAST_MATH = YES;
				SDKROOT = iphoneos;
				SWIFT_COMPILATION_MODE = wholemodule;
				VALIDATE_PRODUCT = YES;
			};
			name = Release;
		};
		21BE2FC32C6CE383003F79D8 /* Debug */ = {
			isa = XCBuildConfiguration;
			buildSettings = {
				ASSETCATALOG_COMPILER_APPICON_NAME = AppIcon;
				ASSETCATALOG_COMPILER_GLOBAL_ACCENT_COLOR_NAME = AccentColor;
				CODE_SIGN_STYLE = Automatic;
				CURRENT_PROJECT_VERSION = 1;
				DEVELOPMENT_ASSET_PATHS = "\"ReaddleSortings/Preview Content\"";
				DEVELOPMENT_TEAM = Z8YT8A2XZ2;
				ENABLE_PREVIEWS = YES;
				GENERATE_INFOPLIST_FILE = YES;
				INFOPLIST_KEY_UIApplicationSceneManifest_Generation = YES;
				INFOPLIST_KEY_UIApplicationSupportsIndirectInputEvents = YES;
				INFOPLIST_KEY_UILaunchScreen_Generation = YES;
				INFOPLIST_KEY_UISupportedInterfaceOrientations_iPad = "UIInterfaceOrientationPortrait UIInterfaceOrientationPortraitUpsideDown UIInterfaceOrientationLandscapeLeft UIInterfaceOrientationLandscapeRight";
				INFOPLIST_KEY_UISupportedInterfaceOrientations_iPhone = "UIInterfaceOrientationPortrait UIInterfaceOrientationLandscapeLeft UIInterfaceOrientationLandscapeRight";
				LD_RUNPATH_SEARCH_PATHS = (
					"$(inherited)",
					"@executable_path/Frameworks",
				);
				MARKETING_VERSION = 1.0;
				PRODUCT_BUNDLE_IDENTIFIER = yk.ReaddleSortings;
				PRODUCT_NAME = "$(TARGET_NAME)";
				SWIFT_EMIT_LOC_STRINGS = YES;
				SWIFT_VERSION = 5.0;
				TARGETED_DEVICE_FAMILY = "1,2";
			};
			name = Debug;
		};
		21BE2FC42C6CE383003F79D8 /* Release */ = {
			isa = XCBuildConfiguration;
			buildSettings = {
				ASSETCATALOG_COMPILER_APPICON_NAME = AppIcon;
				ASSETCATALOG_COMPILER_GLOBAL_ACCENT_COLOR_NAME = AccentColor;
				CODE_SIGN_STYLE = Automatic;
				CURRENT_PROJECT_VERSION = 1;
				DEVELOPMENT_ASSET_PATHS = "\"ReaddleSortings/Preview Content\"";
				DEVELOPMENT_TEAM = Z8YT8A2XZ2;
				ENABLE_PREVIEWS = YES;
				GENERATE_INFOPLIST_FILE = YES;
				INFOPLIST_KEY_UIApplicationSceneManifest_Generation = YES;
				INFOPLIST_KEY_UIApplicationSupportsIndirectInputEvents = YES;
				INFOPLIST_KEY_UILaunchScreen_Generation = YES;
				INFOPLIST_KEY_UISupportedInterfaceOrientations_iPad = "UIInterfaceOrientationPortrait UIInterfaceOrientationPortraitUpsideDown UIInterfaceOrientationLandscapeLeft UIInterfaceOrientationLandscapeRight";
				INFOPLIST_KEY_UISupportedInterfaceOrientations_iPhone = "UIInterfaceOrientationPortrait UIInterfaceOrientationLandscapeLeft UIInterfaceOrientationLandscapeRight";
				LD_RUNPATH_SEARCH_PATHS = (
					"$(inherited)",
					"@executable_path/Frameworks",
				);
				MARKETING_VERSION = 1.0;
				PRODUCT_BUNDLE_IDENTIFIER = yk.ReaddleSortings;
				PRODUCT_NAME = "$(TARGET_NAME)";
				SWIFT_EMIT_LOC_STRINGS = YES;
				SWIFT_VERSION = 5.0;
				TARGETED_DEVICE_FAMILY = "1,2";
			};
			name = Release;
		};
/* End XCBuildConfiguration section */

/* Begin XCConfigurationList section */
		21BE2FAF2C6CE383003F79D8 /* Build configuration list for PBXProject "ReaddleSortings" */ = {
			isa = XCConfigurationList;
			buildConfigurations = (
				21BE2FC02C6CE383003F79D8 /* Debug */,
				21BE2FC12C6CE383003F79D8 /* Release */,
			);
			defaultConfigurationIsVisible = 0;
			defaultConfigurationName = Release;
		};
		21BE2FC22C6CE383003F79D8 /* Build configuration list for PBXNativeTarget "ReaddleSortings" */ = {
			isa = XCConfigurationList;
			buildConfigurations = (
				21BE2FC32C6CE383003F79D8 /* Debug */,
				21BE2FC42C6CE383003F79D8 /* Release */,
			);
			defaultConfigurationIsVisible = 0;
			defaultConfigurationName = Release;
		};
/* End XCConfigurationList section */
	};
	rootObject = 21BE2FAC2C6CE383003F79D8 /* Project object */;
}
